
Microsoft Visual Studio Solution File, Format Version 12.00
# Visual Studio 15
VisualStudioVersion = 15.0.28010.2019
MinimumVisualStudioVersion = 10.0.40219.1
Project("{FAE04EC0-301F-11D3-BF4B-00C04F79EFBC}") = "WebApp2", "WebApp2\WebApp2.csproj", "{C97BD5E1-0A1A-4210-BDE0-5B5AB7059840}"
EndProject
Project("{FAE04EC0-301F-11D3-BF4B-00C04F79EFBC}") = "WebService1", "WebService1\WebService1.csproj", "{47E19F58-9AC3-4FF6-8CF8-07111CF9FEBF}"
EndProject
Project("{FAE04EC0-301F-11D3-BF4B-00C04F79EFBC}") = "WebApplication1", "WebApplication1\WebApplication1.csproj", "{3BE6CBE3-0582-488C-A663-75027705AA4E}"
EndProject
Project("{FAE04EC0-301F-11D3-BF4B-00C04F79EFBC}") = "WebAppApi2", "WebAppApi2\WebAppApi2.csproj", "{EA5EAE71-7870-4C6A-9245-D9833078A92C}"
EndProject
Global
	GlobalSection(SolutionConfigurationPlatforms) = preSolution
		Debug|Any CPU = Debug|Any CPU
		Release|Any CPU = Release|Any CPU
	EndGlobalSection
	GlobalSection(ProjectConfigurationPlatforms) = postSolution
		{C97BD5E1-0A1A-4210-BDE0-5B5AB7059840}.Debug|Any CPU.ActiveCfg = Debug|Any CPU
		{C97BD5E1-0A1A-4210-BDE0-5B5AB7059840}.Debug|Any CPU.Build.0 = Debug|Any CPU
		{C97BD5E1-0A1A-4210-BDE0-5B5AB7059840}.Release|Any CPU.ActiveCfg = Release|Any CPU
		{C97BD5E1-0A1A-4210-BDE0-5B5AB7059840}.Release|Any CPU.Build.0 = Release|Any CPU
		{47E19F58-9AC3-4FF6-8CF8-07111CF9FEBF}.Debug|Any CPU.ActiveCfg = Debug|Any CPU
		{47E19F58-9AC3-4FF6-8CF8-07111CF9FEBF}.Debug|Any CPU.Build.0 = Debug|Any CPU
		{47E19F58-9AC3-4FF6-8CF8-07111CF9FEBF}.Release|Any CPU.ActiveCfg = Release|Any CPU
		{47E19F58-9AC3-4FF6-8CF8-07111CF9FEBF}.Release|Any CPU.Build.0 = Release|Any CPU
		{3BE6CBE3-0582-488C-A663-75027705AA4E}.Debug|Any CPU.ActiveCfg = Debug|Any CPU
		{3BE6CBE3-0582-488C-A663-75027705AA4E}.Debug|Any CPU.Build.0 = Debug|Any CPU
		{3BE6CBE3-0582-488C-A663-75027705AA4E}.Release|Any CPU.ActiveCfg = Release|Any CPU
		{3BE6CBE3-0582-488C-A663-75027705AA4E}.Release|Any CPU.Build.0 = Release|Any CPU
		{EA5EAE71-7870-4C6A-9245-D9833078A92C}.Debug|Any CPU.ActiveCfg = Debug|Any CPU
		{EA5EAE71-7870-4C6A-9245-D9833078A92C}.Debug|Any CPU.Build.0 = Debug|Any CPU
		{EA5EAE71-7870-4C6A-9245-D9833078A92C}.Release|Any CPU.ActiveCfg = Release|Any CPU
		{EA5EAE71-7870-4C6A-9245-D9833078A92C}.Release|Any CPU.Build.0 = Release|Any CPU
	EndGlobalSection
	GlobalSection(SolutionProperties) = preSolution
		HideSolutionNode = FALSE
	EndGlobalSection
	GlobalSection(ExtensibilityGlobals) = postSolution
		SolutionGuid = {99928D20-7702-43CB-B988-E86719D26F76}
	EndGlobalSection
EndGlobal
