
Microsoft Visual Studio Solution File, Format Version 12.00
# Visual Studio Version 16
VisualStudioVersion = 16.0.29721.120
MinimumVisualStudioVersion = 10.0.40219.1
Project("{FAE04EC0-301F-11D3-BF4B-00C04F79EFBC}") = "Card-Service", "Card-Service.csproj", "{D1F36F3E-F8C4-43B1-9A7D-0EF26FDA84FB}"
EndProject
Global
	GlobalSection(SolutionConfigurationPlatforms) = preSolution
		Debug|Any CPU = Debug|Any CPU
		Release|Any CPU = Release|Any CPU
	EndGlobalSection
	GlobalSection(ProjectConfigurationPlatforms) = postSolution
		{D1F36F3E-F8C4-43B1-9A7D-0EF26FDA84FB}.Debug|Any CPU.ActiveCfg = Debug|Any CPU
		{D1F36F3E-F8C4-43B1-9A7D-0EF26FDA84FB}.Debug|Any CPU.Build.0 = Debug|Any CPU
		{D1F36F3E-F8C4-43B1-9A7D-0EF26FDA84FB}.Release|Any CPU.ActiveCfg = Release|Any CPU
		{D1F36F3E-F8C4-43B1-9A7D-0EF26FDA84FB}.Release|Any CPU.Build.0 = Release|Any CPU
	EndGlobalSection
	GlobalSection(SolutionProperties) = preSolution
		HideSolutionNode = FALSE
	EndGlobalSection
	GlobalSection(ExtensibilityGlobals) = postSolution
		SolutionGuid = {EC899026-92CC-4EC6-B619-09642AC0D23F}
	EndGlobalSection
EndGlobal
