
Microsoft Visual Studio Solution File, Format Version 12.00
# Visual Studio Version 16
VisualStudioVersion = 16.0.31025.218
MinimumVisualStudioVersion = 10.0.40219.1
Project("{E24C65DC-7377-472B-9ABA-BC803B73C61A}") = "gitApp", "gitApp\", "{2A219523-D533-4557-9682-95D5AF26EF48}"
	ProjectSection(WebsiteProperties) = preProject
		TargetFrameworkMoniker = ".NETFramework,Version%3Dv4.6.1"
		Debug.AspNetCompiler.VirtualPath = "/localhost_56849"
		Debug.AspNetCompiler.PhysicalPath = "gitApp\"
		Debug.AspNetCompiler.TargetPath = "PrecompiledWeb\localhost_56849\"
		Debug.AspNetCompiler.Updateable = "true"
		Debug.AspNetCompiler.ForceOverwrite = "true"
		Debug.AspNetCompiler.FixedNames = "false"
		Debug.AspNetCompiler.Debug = "True"
		Release.AspNetCompiler.VirtualPath = "/localhost_56849"
		Release.AspNetCompiler.PhysicalPath = "gitApp\"
		Release.AspNetCompiler.TargetPath = "PrecompiledWeb\localhost_56849\"
		Release.AspNetCompiler.Updateable = "true"
		Release.AspNetCompiler.ForceOverwrite = "true"
		Release.AspNetCompiler.FixedNames = "false"
		Release.AspNetCompiler.Debug = "False"
		VWDPort = "56849"
		SlnRelativePath = "gitApp\"
		DefaultWebSiteLanguage = "Visual C#"
	EndProjectSection
EndProject
Project("{FAE04EC0-301F-11D3-BF4B-00C04F79EFBC}") = "CalcService", "CalcService\CalcService.csproj", "{E781A7D3-8F40-40F9-9AFC-0D46C825E6D2}"
EndProject
Global
	GlobalSection(SolutionConfigurationPlatforms) = preSolution
		Debug|Any CPU = Debug|Any CPU
		Release|Any CPU = Release|Any CPU
	EndGlobalSection
	GlobalSection(ProjectConfigurationPlatforms) = postSolution
		{2A219523-D533-4557-9682-95D5AF26EF48}.Debug|Any CPU.ActiveCfg = Debug|Any CPU
		{2A219523-D533-4557-9682-95D5AF26EF48}.Debug|Any CPU.Build.0 = Debug|Any CPU
		{2A219523-D533-4557-9682-95D5AF26EF48}.Release|Any CPU.ActiveCfg = Debug|Any CPU
		{2A219523-D533-4557-9682-95D5AF26EF48}.Release|Any CPU.Build.0 = Debug|Any CPU
		{E781A7D3-8F40-40F9-9AFC-0D46C825E6D2}.Debug|Any CPU.ActiveCfg = Debug|Any CPU
		{E781A7D3-8F40-40F9-9AFC-0D46C825E6D2}.Debug|Any CPU.Build.0 = Debug|Any CPU
		{E781A7D3-8F40-40F9-9AFC-0D46C825E6D2}.Release|Any CPU.ActiveCfg = Release|Any CPU
		{E781A7D3-8F40-40F9-9AFC-0D46C825E6D2}.Release|Any CPU.Build.0 = Release|Any CPU
	EndGlobalSection
	GlobalSection(SolutionProperties) = preSolution
		HideSolutionNode = FALSE
	EndGlobalSection
	GlobalSection(ExtensibilityGlobals) = postSolution
		SolutionGuid = {5B1DC774-3486-471C-9FC8-8CF936257DE0}
	EndGlobalSection
EndGlobal
