
Microsoft Visual Studio Solution File, Format Version 12.00
# Visual Studio 15
VisualStudioVersion = 15.0.28010.2019
MinimumVisualStudioVersion = 10.0.40219.1
Project("{E24C65DC-7377-472B-9ABA-BC803B73C61A}") = "Biz-card", "Biz-card\", "{DA2797F6-D175-4F9B-BFFB-7E3DF5FC8CDD}"
	ProjectSection(WebsiteProperties) = preProject
		TargetFrameworkMoniker = ".NETFramework,Version%3Dv4.6.1"
		Debug.AspNetCompiler.VirtualPath = "/localhost_51651"
		Debug.AspNetCompiler.PhysicalPath = "Biz-card\"
		Debug.AspNetCompiler.TargetPath = "PrecompiledWeb\localhost_51651\"
		Debug.AspNetCompiler.Updateable = "true"
		Debug.AspNetCompiler.ForceOverwrite = "true"
		Debug.AspNetCompiler.FixedNames = "false"
		Debug.AspNetCompiler.Debug = "True"
		Release.AspNetCompiler.VirtualPath = "/localhost_51651"
		Release.AspNetCompiler.PhysicalPath = "Biz-card\"
		Release.AspNetCompiler.TargetPath = "PrecompiledWeb\localhost_51651\"
		Release.AspNetCompiler.Updateable = "true"
		Release.AspNetCompiler.ForceOverwrite = "true"
		Release.AspNetCompiler.FixedNames = "false"
		Release.AspNetCompiler.Debug = "False"
		VWDPort = "51651"
		SlnRelativePath = "Biz-card\"
		DefaultWebSiteLanguage = "Visual C#"
	EndProjectSection
EndProject
Global
	GlobalSection(SolutionConfigurationPlatforms) = preSolution
		Debug|Any CPU = Debug|Any CPU
	EndGlobalSection
	GlobalSection(ProjectConfigurationPlatforms) = postSolution
		{DA2797F6-D175-4F9B-BFFB-7E3DF5FC8CDD}.Debug|Any CPU.ActiveCfg = Debug|Any CPU
		{DA2797F6-D175-4F9B-BFFB-7E3DF5FC8CDD}.Debug|Any CPU.Build.0 = Debug|Any CPU
	EndGlobalSection
	GlobalSection(SolutionProperties) = preSolution
		HideSolutionNode = FALSE
	EndGlobalSection
	GlobalSection(ExtensibilityGlobals) = postSolution
		SolutionGuid = {2F26492A-A4F4-4738-BDF0-40D944F2B2BC}
	EndGlobalSection
EndGlobal
