
Microsoft Visual Studio Solution File, Format Version 12.00
# Visual Studio Version 16
VisualStudioVersion = 16.0.29411.138
MinimumVisualStudioVersion = 10.0.40219.1
Project("{9A19103F-16F7-4668-BE54-9A1E7A4F7556}") = "Biz-card", "Biz-card.csproj", "{55616F33-0C67-439C-A9A1-0FBF07FAD891}"
EndProject
Project("{9A19103F-16F7-4668-BE54-9A1E7A4F7556}") = "Biz-Service", "..\Biz-Service\Biz-Service.csproj", "{22E399F7-9D05-458E-916D-D5CB0D53BE5D}"
EndProject
Project("{9092AA53-FB77-4645-B42D-1CCCA6BD08BD}") = "BCardSrevice", "..\BCardSrevice\BCardSrevice.njsproj", "{9F231D09-9A70-442F-BE5F-CF1F113B0458}"
EndProject
Global
	GlobalSection(SolutionConfigurationPlatforms) = preSolution
		Debug|Any CPU = Debug|Any CPU
		Release|Any CPU = Release|Any CPU
	EndGlobalSection
	GlobalSection(ProjectConfigurationPlatforms) = postSolution
		{55616F33-0C67-439C-A9A1-0FBF07FAD891}.Debug|Any CPU.ActiveCfg = Debug|Any CPU
		{55616F33-0C67-439C-A9A1-0FBF07FAD891}.Debug|Any CPU.Build.0 = Debug|Any CPU
		{55616F33-0C67-439C-A9A1-0FBF07FAD891}.Release|Any CPU.ActiveCfg = Release|Any CPU
		{55616F33-0C67-439C-A9A1-0FBF07FAD891}.Release|Any CPU.Build.0 = Release|Any CPU
		{22E399F7-9D05-458E-916D-D5CB0D53BE5D}.Debug|Any CPU.ActiveCfg = Debug|Any CPU
		{22E399F7-9D05-458E-916D-D5CB0D53BE5D}.Debug|Any CPU.Build.0 = Debug|Any CPU
		{22E399F7-9D05-458E-916D-D5CB0D53BE5D}.Release|Any CPU.ActiveCfg = Release|Any CPU
		{22E399F7-9D05-458E-916D-D5CB0D53BE5D}.Release|Any CPU.Build.0 = Release|Any CPU
		{9F231D09-9A70-442F-BE5F-CF1F113B0458}.Debug|Any CPU.ActiveCfg = Debug|Any CPU
		{9F231D09-9A70-442F-BE5F-CF1F113B0458}.Debug|Any CPU.Build.0 = Debug|Any CPU
		{9F231D09-9A70-442F-BE5F-CF1F113B0458}.Release|Any CPU.ActiveCfg = Release|Any CPU
		{9F231D09-9A70-442F-BE5F-CF1F113B0458}.Release|Any CPU.Build.0 = Release|Any CPU
	EndGlobalSection
	GlobalSection(SolutionProperties) = preSolution
		HideSolutionNode = FALSE
	EndGlobalSection
	GlobalSection(ExtensibilityGlobals) = postSolution
		SolutionGuid = {158C3FA7-ECB8-4AAC-8DDA-32FC51F069AB}
	EndGlobalSection
EndGlobal
