
Microsoft Visual Studio Solution File, Format Version 12.00
# Visual Studio Version 16
VisualStudioVersion = 16.0.29820.132
MinimumVisualStudioVersion = 10.0.40219.1
Project("{FAE04EC0-301F-11D3-BF4B-00C04F79EFBC}") = "ConsoleApp5", "ConsoleApp5.csproj", "{CB9464F5-C95D-40C7-B9F7-99B441854E1B}"
EndProject
Global
	GlobalSection(SolutionConfigurationPlatforms) = preSolution
		Debug|Any CPU = Debug|Any CPU
		Release|Any CPU = Release|Any CPU
	EndGlobalSection
	GlobalSection(ProjectConfigurationPlatforms) = postSolution
		{CB9464F5-C95D-40C7-B9F7-99B441854E1B}.Debug|Any CPU.ActiveCfg = Debug|Any CPU
		{CB9464F5-C95D-40C7-B9F7-99B441854E1B}.Debug|Any CPU.Build.0 = Debug|Any CPU
		{CB9464F5-C95D-40C7-B9F7-99B441854E1B}.Release|Any CPU.ActiveCfg = Release|Any CPU
		{CB9464F5-C95D-40C7-B9F7-99B441854E1B}.Release|Any CPU.Build.0 = Release|Any CPU
	EndGlobalSection
	GlobalSection(SolutionProperties) = preSolution
		HideSolutionNode = FALSE
	EndGlobalSection
	GlobalSection(ExtensibilityGlobals) = postSolution
		SolutionGuid = {FF97C6DE-2210-47D1-A204-34F5173901E0}
	EndGlobalSection
EndGlobal
